
Microsoft Visual Studio Solution File, Format Version 12.00
# Visual Studio Version 17
VisualStudioVersion = 17.3.32929.385
MinimumVisualStudioVersion = 10.0.40219.1
Project("{9A19103F-16F7-4668-BE54-9A1E7A4F7556}") = "ServiceA", "ServiceA\ServiceA.csproj", "{4F8A4FCF-9229-4F62-8589-AC9545F376A3}"
EndProject
Project("{9A19103F-16F7-4668-BE54-9A1E7A4F7556}") = "ServiceB", "ServiceB\ServiceB.csproj", "{0C7FB9F7-B8EA-4244-98F8-8C9EF7127786}"
EndProject
Project("{9A19103F-16F7-4668-BE54-9A1E7A4F7556}") = "RabbitService", "RabbitService\RabbitService.csproj", "{3781C0BC-1C94-4910-9702-F19470A60BFF}"
EndProject
Project("{FAE04EC0-301F-11D3-BF4B-00C04F79EFBC}") = "RabbitTest", "RabbitTest\RabbitTest.csproj", "{4D57F2AA-CD38-4F5E-B610-95236046260C}"
EndProject
Global
	GlobalSection(SolutionConfigurationPlatforms) = preSolution
		Debug|Any CPU = Debug|Any CPU
		Release|Any CPU = Release|Any CPU
	EndGlobalSection
	GlobalSection(ProjectConfigurationPlatforms) = postSolution
		{4F8A4FCF-9229-4F62-8589-AC9545F376A3}.Debug|Any CPU.ActiveCfg = Debug|Any CPU
		{4F8A4FCF-9229-4F62-8589-AC9545F376A3}.Debug|Any CPU.Build.0 = Debug|Any CPU
		{4F8A4FCF-9229-4F62-8589-AC9545F376A3}.Release|Any CPU.ActiveCfg = Release|Any CPU
		{4F8A4FCF-9229-4F62-8589-AC9545F376A3}.Release|Any CPU.Build.0 = Release|Any CPU
		{0C7FB9F7-B8EA-4244-98F8-8C9EF7127786}.Debug|Any CPU.ActiveCfg = Debug|Any CPU
		{0C7FB9F7-B8EA-4244-98F8-8C9EF7127786}.Debug|Any CPU.Build.0 = Debug|Any CPU
		{0C7FB9F7-B8EA-4244-98F8-8C9EF7127786}.Release|Any CPU.ActiveCfg = Release|Any CPU
		{0C7FB9F7-B8EA-4244-98F8-8C9EF7127786}.Release|Any CPU.Build.0 = Release|Any CPU
		{3781C0BC-1C94-4910-9702-F19470A60BFF}.Debug|Any CPU.ActiveCfg = Debug|Any CPU
		{3781C0BC-1C94-4910-9702-F19470A60BFF}.Debug|Any CPU.Build.0 = Debug|Any CPU
		{3781C0BC-1C94-4910-9702-F19470A60BFF}.Release|Any CPU.ActiveCfg = Release|Any CPU
		{3781C0BC-1C94-4910-9702-F19470A60BFF}.Release|Any CPU.Build.0 = Release|Any CPU
		{4D57F2AA-CD38-4F5E-B610-95236046260C}.Debug|Any CPU.ActiveCfg = Debug|Any CPU
		{4D57F2AA-CD38-4F5E-B610-95236046260C}.Debug|Any CPU.Build.0 = Debug|Any CPU
		{4D57F2AA-CD38-4F5E-B610-95236046260C}.Release|Any CPU.ActiveCfg = Release|Any CPU
		{4D57F2AA-CD38-4F5E-B610-95236046260C}.Release|Any CPU.Build.0 = Release|Any CPU
	EndGlobalSection
	GlobalSection(SolutionProperties) = preSolution
		HideSolutionNode = FALSE
	EndGlobalSection
	GlobalSection(ExtensibilityGlobals) = postSolution
		SolutionGuid = {8BEDAF5E-48C4-4B33-84DA-1B00269CF0CD}
	EndGlobalSection
EndGlobal
